
Microsoft Visual Studio Solution File, Format Version 11.00
# Visual Studio 2010
Project("{F184B08F-C81C-45F6-A57F-5ABD9991F28F}") = "afoo_tech_gp_cal_2", "afoo_tech_gp_cal_2\afoo_tech_gp_cal_2.vbproj", "{7DAC34B6-BD61-4073-8D3B-3260F23A374F}"
EndProject
Global
	GlobalSection(SolutionConfigurationPlatforms) = preSolution
		Debug|x86 = Debug|x86
		Release|x86 = Release|x86
	EndGlobalSection
	GlobalSection(ProjectConfigurationPlatforms) = postSolution
		{7DAC34B6-BD61-4073-8D3B-3260F23A374F}.Debug|x86.ActiveCfg = Debug|x86
		{7DAC34B6-BD61-4073-8D3B-3260F23A374F}.Debug|x86.Build.0 = Debug|x86
		{7DAC34B6-BD61-4073-8D3B-3260F23A374F}.Release|x86.ActiveCfg = Release|x86
		{7DAC34B6-BD61-4073-8D3B-3260F23A374F}.Release|x86.Build.0 = Release|x86
	EndGlobalSection
	GlobalSection(SolutionProperties) = preSolution
		HideSolutionNode = FALSE
	EndGlobalSection
EndGlobal
